# THIS IS AN AUTOGENERATED FILE. DO NOT EDIT THIS FILE DIRECTLY.
# yarn lockfile v1


"@kaltura-ng2/kaltura-primeng-ui@^1.0.0-alpha":
  version "1.0.0-alpha"
  resolved "https://registry.yarnpkg.com/@kaltura-ng2/kaltura-primeng-ui/-/kaltura-primeng-ui-1.0.0-alpha.tgz#03829ec549e16452b5326beb92ec0178b010be4e"

"@kaltura-ng2/kaltura-ui@^0.0.2":
  version "0.0.2"
  resolved "https://registry.yarnpkg.com/@kaltura-ng2/kaltura-ui/-/kaltura-ui-0.0.2.tgz#1646993cdb1c95afe538ab36476e206cd42cb729"

normalize.css@^7.0.0:
  version "7.0.0"
  resolved "https://registry.yarnpkg.com/normalize.css/-/normalize.css-7.0.0.tgz#abfb1dd82470674e0322b53ceb1aaf412938e4bf"

primeng@4.0.3:
  version "4.0.3"
  resolved "https://registry.yarnpkg.com/primeng/-/primeng-4.0.3.tgz#dbcb15b63c5549268b2d225ceb66d5653b397749"
