# THIS IS AN AUTOGENERATED FILE. DO NOT EDIT THIS FILE DIRECTLY.
# yarn lockfile v1


"@kaltura-ng/kaltura-primeng-ui@^0.2.0":
  version "0.2.0"
  resolved "https://registry.yarnpkg.com/@kaltura-ng/kaltura-primeng-ui/-/kaltura-primeng-ui-0.2.0.tgz#1790129b0bc3bcff6dbaefeb7269e9629f90f1c3"

"@kaltura-ng/kaltura-ui@^0.2.0":
  version "0.2.0"
  resolved "https://registry.yarnpkg.com/@kaltura-ng/kaltura-ui/-/kaltura-ui-0.2.0.tgz#4da62069e240d0b9730ec2b58702e85a494dd7e7"

normalize.css@^7.0.0:
  version "7.0.0"
  resolved "https://registry.yarnpkg.com/normalize.css/-/normalize.css-7.0.0.tgz#abfb1dd82470674e0322b53ceb1aaf412938e4bf"

primeng@4.0.3:
  version "4.0.3"
  resolved "https://registry.yarnpkg.com/primeng/-/primeng-4.0.3.tgz#dbcb15b63c5549268b2d225ceb66d5653b397749"
